// !$*UTF8*$!
{
	archiveVersion = 1;
	classes = {
	};
	objectVersion = 46;
	objects = {

/* Begin PBXBuildFile section */
		D6E24FBD1CF95ED300E4BE93 /* main.m in Sources */ = {isa = PBXBuildFile; fileRef = D6E24FBC1CF95ED300E4BE93 /* main.m */; };
		D6E24FC01CF95ED300E4BE93 /* AppDelegate.m in Sources */ = {isa = PBXBuildFile; fileRef = D6E24FBF1CF95ED300E4BE93 /* AppDelegate.m */; };
		D6E24FC31CF95ED300E4BE93 /* FirstViewController.m in Sources */ = {isa = PBXBuildFile; fileRef = D6E24FC21CF95ED300E4BE93 /* FirstViewController.m */; };
		D6E24FC61CF95ED300E4BE93 /* SecondViewController.m in Sources */ = {isa = PBXBuildFile; fileRef = D6E24FC51CF95ED300E4BE93 /* SecondViewController.m */; };
		D6E24FC91CF95ED300E4BE93 /* Main.storyboard in Resources */ = {isa = PBXBuildFile; fileRef = D6E24FC71CF95ED300E4BE93 /* Main.storyboard */; };
		D6E24FCB1CF95ED300E4BE93 /* Assets.xcassets in Resources */ = {isa = PBXBuildFile; fileRef = D6E24FCA1CF95ED300E4BE93 /* Assets.xcassets */; };
		D6E24FCE1CF95ED300E4BE93 /* LaunchScreen.storyboard in Resources */ = {isa = PBXBuildFile; fileRef = D6E24FCC1CF95ED300E4BE93 /* LaunchScreen.storyboard */; };
		D6E24FD91CF95ED300E4BE93 /* OSL2Tests.m in Sources */ = {isa = PBXBuildFile; fileRef = D6E24FD81CF95ED300E4BE93 /* OSL2Tests.m */; };
		D6E24FE41CF95ED300E4BE93 /* OSL2UITests.m in Sources */ = {isa = PBXBuildFile; fileRef = D6E24FE31CF95ED300E4BE93 /* OSL2UITests.m */; };
/* End PBXBuildFile section */

/* Begin PBXContainerItemProxy section */
		D6E24FD51CF95ED300E4BE93 /* PBXContainerItemProxy */ = {
			isa = PBXContainerItemProxy;
			containerPortal = D6E24FB01CF95ED300E4BE93 /* Project object */;
			proxyType = 1;
			remoteGlobalIDString = D6E24FB71CF95ED300E4BE93;
			remoteInfo = OSL2;
		};
		D6E24FE01CF95ED300E4BE93 /* PBXContainerItemProxy */ = {
			isa = PBXContainerItemProxy;
			containerPortal = D6E24FB01CF95ED300E4BE93 /* Project object */;
			proxyType = 1;
			remoteGlobalIDString = D6E24FB71CF95ED300E4BE93;
			remoteInfo = OSL2;
		};
/* End PBXContainerItemProxy section */

/* Begin PBXFileReference section */
		D6E24FB81CF95ED300E4BE93 /* OSL2.app */ = {isa = PBXFileReference; explicitFileType = wrapper.application; includeInIndex = 0; path = OSL2.app; sourceTree = BUILT_PRODUCTS_DIR; };
		D6E24FBC1CF95ED300E4BE93 /* main.m */ = {isa = PBXFileReference; lastKnownFileType = sourcecode.c.objc; path = main.m; sourceTree = "<group>"; };
		D6E24FBE1CF95ED300E4BE93 /* AppDelegate.h */ = {isa = PBXFileReference; lastKnownFileType = sourcecode.c.h; path = AppDelegate.h; sourceTree = "<group>"; };
		D6E24FBF1CF95ED300E4BE93 /* AppDelegate.m */ = {isa = PBXFileReference; lastKnownFileType = sourcecode.c.objc; path = AppDelegate.m; sourceTree = "<group>"; };
		D6E24FC11CF95ED300E4BE93 /* FirstViewController.h */ = {isa = PBXFileReference; lastKnownFileType = sourcecode.c.h; path = FirstViewController.h; sourceTree = "<group>"; };
		D6E24FC21CF95ED300E4BE93 /* FirstViewController.m */ = {isa = PBXFileReference; lastKnownFileType = sourcecode.c.objc; path = FirstViewController.m; sourceTree = "<group>"; };
		D6E24FC41CF95ED300E4BE93 /* SecondViewController.h */ = {isa = PBXFileReference; lastKnownFileType = sourcecode.c.h; path = SecondViewController.h; sourceTree = "<group>"; };
		D6E24FC51CF95ED300E4BE93 /* SecondViewController.m */ = {isa = PBXFileReference; lastKnownFileType = sourcecode.c.objc; path = SecondViewController.m; sourceTree = "<group>"; };
		D6E24FC81CF95ED300E4BE93 /* Base */ = {isa = PBXFileReference; lastKnownFileType = file.storyboard; name = Base; path = Base.lproj/Main.storyboard; sourceTree = "<group>"; };
		D6E24FCA1CF95ED300E4BE93 /* Assets.xcassets */ = {isa = PBXFileReference; lastKnownFileType = folder.assetcatalog; path = Assets.xcassets; sourceTree = "<group>"; };
		D6E24FCD1CF95ED300E4BE93 /* Base */ = {isa = PBXFileReference; lastKnownFileType = file.storyboard; name = Base; path = Base.lproj/LaunchScreen.storyboard; sourceTree = "<group>"; };
		D6E24FCF1CF95ED300E4BE93 /* Info.plist */ = {isa = PBXFileReference; lastKnownFileType = text.plist.xml; path = Info.plist; sourceTree = "<group>"; };
		D6E24FD41CF95ED300E4BE93 /* OSL2Tests.xctest */ = {isa = PBXFileReference; explicitFileType = wrapper.cfbundle; includeInIndex = 0; path = OSL2Tests.xctest; sourceTree = BUILT_PRODUCTS_DIR; };
		D6E24FD81CF95ED300E4BE93 /* OSL2Tests.m */ = {isa = PBXFileReference; lastKnownFileType = sourcecode.c.objc; path = OSL2Tests.m; sourceTree = "<group>"; };
		D6E24FDA1CF95ED300E4BE93 /* Info.plist */ = {isa = PBXFileReference; lastKnownFileType = text.plist.xml; path = Info.plist; sourceTree = "<group>"; };
		D6E24FDF1CF95ED300E4BE93 /* OSL2UITests.xctest */ = {isa = PBXFileReference; explicitFileType = wrapper.cfbundle; includeInIndex = 0; path = OSL2UITests.xctest; sourceTree = BUILT_PRODUCTS_DIR; };
		D6E24FE31CF95ED300E4BE93 /* OSL2UITests.m */ = {isa = PBXFileReference; lastKnownFileType = sourcecode.c.objc; path = OSL2UITests.m; sourceTree = "<group>"; };
		D6E24FE51CF95ED300E4BE93 /* Info.plist */ = {isa = PBXFileReference; lastKnownFileType = text.plist.xml; path = Info.plist; sourceTree = "<group>"; };
/* End PBXFileReference section */

/* Begin PBXFrameworksBuildPhase section */
		D6E24FB51CF95ED300E4BE93 /* Frameworks */ = {
			isa = PBXFrameworksBuildPhase;
			buildActionMask = 2147483647;
			files = (
			);
			runOnlyForDeploymentPostprocessing = 0;
		};
		D6E24FD11CF95ED300E4BE93 /* Frameworks */ = {
			isa = PBXFrameworksBuildPhase;
			buildActionMask = 2147483647;
			files = (
			);
			runOnlyForDeploymentPostprocessing = 0;
		};
		D6E24FDC1CF95ED300E4BE93 /* Frameworks */ = {
			isa = PBXFrameworksBuildPhase;
			buildActionMask = 2147483647;
			files = (
			);
			runOnlyForDeploymentPostprocessing = 0;
		};
/* End PBXFrameworksBuildPhase section */

/* Begin PBXGroup section */
		D6E24FAF1CF95ED300E4BE93 = {
			isa = PBXGroup;
			children = (
				D6E24FBA1CF95ED300E4BE93 /* OSL2 */,
				D6E24FD71CF95ED300E4BE93 /* OSL2Tests */,
				D6E24FE21CF95ED300E4BE93 /* OSL2UITests */,
				D6E24FB91CF95ED300E4BE93 /* Products */,
			);
			sourceTree = "<group>";
		};
		D6E24FB91CF95ED300E4BE93 /* Products */ = {
			isa = PBXGroup;
			children = (
				D6E24FB81CF95ED300E4BE93 /* OSL2.app */,
				D6E24FD41CF95ED300E4BE93 /* OSL2Tests.xctest */,
				D6E24FDF1CF95ED300E4BE93 /* OSL2UITests.xctest */,
			);
			name = Products;
			sourceTree = "<group>";
		};
		D6E24FBA1CF95ED300E4BE93 /* OSL2 */ = {
			isa = PBXGroup;
			children = (
				D6E24FBE1CF95ED300E4BE93 /* AppDelegate.h */,
				D6E24FBF1CF95ED300E4BE93 /* AppDelegate.m */,
				D6E24FC11CF95ED300E4BE93 /* FirstViewController.h */,
				D6E24FC21CF95ED300E4BE93 /* FirstViewController.m */,
				D6E24FC41CF95ED300E4BE93 /* SecondViewController.h */,
				D6E24FC51CF95ED300E4BE93 /* SecondViewController.m */,
				D6E24FC71CF95ED300E4BE93 /* Main.storyboard */,
				D6E24FCA1CF95ED300E4BE93 /* Assets.xcassets */,
				D6E24FCC1CF95ED300E4BE93 /* LaunchScreen.storyboard */,
				D6E24FCF1CF95ED300E4BE93 /* Info.plist */,
				D6E24FBB1CF95ED300E4BE93 /* Supporting Files */,
			);
			path = OSL2;
			sourceTree = "<group>";
		};
		D6E24FBB1CF95ED300E4BE93 /* Supporting Files */ = {
			isa = PBXGroup;
			children = (
				D6E24FBC1CF95ED300E4BE93 /* main.m */,
			);
			name = "Supporting Files";
			sourceTree = "<group>";
		};
		D6E24FD71CF95ED300E4BE93 /* OSL2Tests */ = {
			isa = PBXGroup;
			children = (
				D6E24FD81CF95ED300E4BE93 /* OSL2Tests.m */,
				D6E24FDA1CF95ED300E4BE93 /* Info.plist */,
			);
			path = OSL2Tests;
			sourceTree = "<group>";
		};
		D6E24FE21CF95ED300E4BE93 /* OSL2UITests */ = {
			isa = PBXGroup;
			children = (
				D6E24FE31CF95ED300E4BE93 /* OSL2UITests.m */,
				D6E24FE51CF95ED300E4BE93 /* Info.plist */,
			);
			path = OSL2UITests;
			sourceTree = "<group>";
		};
/* End PBXGroup section */

/* Begin PBXNativeTarget section */
		D6E24FB71CF95ED300E4BE93 /* OSL2 */ = {
			isa = PBXNativeTarget;
			buildConfigurationList = D6E24FE81CF95ED300E4BE93 /* Build configuration list for PBXNativeTarget "OSL2" */;
			buildPhases = (
				D6E24FB41CF95ED300E4BE93 /* Sources */,
				D6E24FB51CF95ED300E4BE93 /* Frameworks */,
				D6E24FB61CF95ED300E4BE93 /* Resources */,
			);
			buildRules = (
			);
			dependencies = (
			);
			name = OSL2;
			productName = OSL2;
			productReference = D6E24FB81CF95ED300E4BE93 /* OSL2.app */;
			productType = "com.apple.product-type.application";
		};
		D6E24FD31CF95ED300E4BE93 /* OSL2Tests */ = {
			isa = PBXNativeTarget;
			buildConfigurationList = D6E24FEB1CF95ED300E4BE93 /* Build configuration list for PBXNativeTarget "OSL2Tests" */;
			buildPhases = (
				D6E24FD01CF95ED300E4BE93 /* Sources */,
				D6E24FD11CF95ED300E4BE93 /* Frameworks */,
				D6E24FD21CF95ED300E4BE93 /* Resources */,
			);
			buildRules = (
			);
			dependencies = (
				D6E24FD61CF95ED300E4BE93 /* PBXTargetDependency */,
			);
			name = OSL2Tests;
			productName = OSL2Tests;
			productReference = D6E24FD41CF95ED300E4BE93 /* OSL2Tests.xctest */;
			productType = "com.apple.product-type.bundle.unit-test";
		};
		D6E24FDE1CF95ED300E4BE93 /* OSL2UITests */ = {
			isa = PBXNativeTarget;
			buildConfigurationList = D6E24FEE1CF95ED300E4BE93 /* Build configuration list for PBXNativeTarget "OSL2UITests" */;
			buildPhases = (
				D6E24FDB1CF95ED300E4BE93 /* Sources */,
				D6E24FDC1CF95ED300E4BE93 /* Frameworks */,
				D6E24FDD1CF95ED300E4BE93 /* Resources */,
			);
			buildRules = (
			);
			dependencies = (
				D6E24FE11CF95ED300E4BE93 /* PBXTargetDependency */,
			);
			name = OSL2UITests;
			productName = OSL2UITests;
			productReference = D6E24FDF1CF95ED300E4BE93 /* OSL2UITests.xctest */;
			productType = "com.apple.product-type.bundle.ui-testing";
		};
/* End PBXNativeTarget section */

/* Begin PBXProject section */
		D6E24FB01CF95ED300E4BE93 /* Project object */ = {
			isa = PBXProject;
			attributes = {
				LastUpgradeCheck = 0720;
				ORGANIZATIONNAME = Godstonemarket;
				TargetAttributes = {
					D6E24FB71CF95ED300E4BE93 = {
						CreatedOnToolsVersion = 7.2;
					};
					D6E24FD31CF95ED300E4BE93 = {
						CreatedOnToolsVersion = 7.2;
						TestTargetID = D6E24FB71CF95ED300E4BE93;
					};
					D6E24FDE1CF95ED300E4BE93 = {
						CreatedOnToolsVersion = 7.2;
						TestTargetID = D6E24FB71CF95ED300E4BE93;
					};
				};
			};
			buildConfigurationList = D6E24FB31CF95ED300E4BE93 /* Build configuration list for PBXProject "OSL2" */;
			compatibilityVersion = "Xcode 3.2";
			developmentRegion = English;
			hasScannedForEncodings = 0;
			knownRegions = (
				en,
				Base,
			);
			mainGroup = D6E24FAF1CF95ED300E4BE93;
			productRefGroup = D6E24FB91CF95ED300E4BE93 /* Products */;
			projectDirPath = "";
			projectRoot = "";
			targets = (
				D6E24FB71CF95ED300E4BE93 /* OSL2 */,
				D6E24FD31CF95ED300E4BE93 /* OSL2Tests */,
				D6E24FDE1CF95ED300E4BE93 /* OSL2UITests */,
			);
		};
/* End PBXProject section */

/* Begin PBXResourcesBuildPhase section */
		D6E24FB61CF95ED300E4BE93 /* Resources */ = {
			isa = PBXResourcesBuildPhase;
			buildActionMask = 2147483647;
			files = (
				D6E24FCE1CF95ED300E4BE93 /* LaunchScreen.storyboard in Resources */,
				D6E24FCB1CF95ED300E4BE93 /* Assets.xcassets in Resources */,
				D6E24FC91CF95ED300E4BE93 /* Main.storyboard in Resources */,
			);
			runOnlyForDeploymentPostprocessing = 0;
		};
		D6E24FD21CF95ED300E4BE93 /* Resources */ = {
			isa = PBXResourcesBuildPhase;
			buildActionMask = 2147483647;
			files = (
			);
			runOnlyForDeploymentPostprocessing = 0;
		};
		D6E24FDD1CF95ED300E4BE93 /* Resources */ = {
			isa = PBXResourcesBuildPhase;
			buildActionMask = 2147483647;
			files = (
			);
			runOnlyForDeploymentPostprocessing = 0;
		};
/* End PBXResourcesBuildPhase section */

/* Begin PBXSourcesBuildPhase section */
		D6E24FB41CF95ED300E4BE93 /* Sources */ = {
			isa = PBXSourcesBuildPhase;
			buildActionMask = 2147483647;
			files = (
				D6E24FC61CF95ED300E4BE93 /* SecondViewController.m in Sources */,
				D6E24FC01CF95ED300E4BE93 /* AppDelegate.m in Sources */,
				D6E24FC31CF95ED300E4BE93 /* FirstViewController.m in Sources */,
				D6E24FBD1CF95ED300E4BE93 /* main.m in Sources */,
			);
			runOnlyForDeploymentPostprocessing = 0;
		};
		D6E24FD01CF95ED300E4BE93 /* Sources */ = {
			isa = PBXSourcesBuildPhase;
			buildActionMask = 2147483647;
			files = (
				D6E24FD91CF95ED300E4BE93 /* OSL2Tests.m in Sources */,
			);
			runOnlyForDeploymentPostprocessing = 0;
		};
		D6E24FDB1CF95ED300E4BE93 /* Sources */ = {
			isa = PBXSourcesBuildPhase;
			buildActionMask = 2147483647;
			files = (
				D6E24FE41CF95ED300E4BE93 /* OSL2UITests.m in Sources */,
			);
			runOnlyForDeploymentPostprocessing = 0;
		};
/* End PBXSourcesBuildPhase section */

/* Begin PBXTargetDependency section */
		D6E24FD61CF95ED300E4BE93 /* PBXTargetDependency */ = {
			isa = PBXTargetDependency;
			target = D6E24FB71CF95ED300E4BE93 /* OSL2 */;
			targetProxy = D6E24FD51CF95ED300E4BE93 /* PBXContainerItemProxy */;
		};
		D6E24FE11CF95ED300E4BE93 /* PBXTargetDependency */ = {
			isa = PBXTargetDependency;
			target = D6E24FB71CF95ED300E4BE93 /* OSL2 */;
			targetProxy = D6E24FE01CF95ED300E4BE93 /* PBXContainerItemProxy */;
		};
/* End PBXTargetDependency section */

/* Begin PBXVariantGroup section */
		D6E24FC71CF95ED300E4BE93 /* Main.storyboard */ = {
			isa = PBXVariantGroup;
			children = (
				D6E24FC81CF95ED300E4BE93 /* Base */,
			);
			name = Main.storyboard;
			sourceTree = "<group>";
		};
		D6E24FCC1CF95ED300E4BE93 /* LaunchScreen.storyboard */ = {
			isa = PBXVariantGroup;
			children = (
				D6E24FCD1CF95ED300E4BE93 /* Base */,
			);
			name = LaunchScreen.storyboard;
			sourceTree = "<group>";
		};
/* End PBXVariantGroup section */

/* Begin XCBuildConfiguration section */
		D6E24FE61CF95ED300E4BE93 /* Debug */ = {
			isa = XCBuildConfiguration;
			buildSettings = {
				ALWAYS_SEARCH_USER_PATHS = NO;
				CLANG_CXX_LANGUAGE_STANDARD = "gnu++0x";
				CLANG_CXX_LIBRARY = "libc++";
				CLANG_ENABLE_MODULES = YES;
				CLANG_ENABLE_OBJC_ARC = YES;
				CLANG_WARN_BOOL_CONVERSION = YES;
				CLANG_WARN_CONSTANT_CONVERSION = YES;
				CLANG_WARN_DIRECT_OBJC_ISA_USAGE = YES_ERROR;
				CLANG_WARN_EMPTY_BODY = YES;
				CLANG_WARN_ENUM_CONVERSION = YES;
				CLANG_WARN_INT_CONVERSION = YES;
				CLANG_WARN_OBJC_ROOT_CLASS = YES_ERROR;
				CLANG_WARN_UNREACHABLE_CODE = YES;
				CLANG_WARN__DUPLICATE_METHOD_MATCH = YES;
				"CODE_SIGN_IDENTITY[sdk=iphoneos*]" = "iPhone Developer";
				COPY_PHASE_STRIP = NO;
				DEBUG_INFORMATION_FORMAT = dwarf;
				ENABLE_STRICT_OBJC_MSGSEND = YES;
				ENABLE_TESTABILITY = YES;
				GCC_C_LANGUAGE_STANDARD = gnu99;
				GCC_DYNAMIC_NO_PIC = NO;
				GCC_NO_COMMON_BLOCKS = YES;
				GCC_OPTIMIZATION_LEVEL = 0;
				GCC_PREPROCESSOR_DEFINITIONS = (
					"DEBUG=1",
					"$(inherited)",
				);
				GCC_WARN_64_TO_32_BIT_CONVERSION = YES;
				GCC_WARN_ABOUT_RETURN_TYPE = YES_ERROR;
				GCC_WARN_UNDECLARED_SELECTOR = YES;
				GCC_WARN_UNINITIALIZED_AUTOS = YES_AGGRESSIVE;
				GCC_WARN_UNUSED_FUNCTION = YES;
				GCC_WARN_UNUSED_VARIABLE = YES;
				IPHONEOS_DEPLOYMENT_TARGET = 9.2;
				MTL_ENABLE_DEBUG_INFO = YES;
				ONLY_ACTIVE_ARCH = YES;
				SDKROOT = iphoneos;
				TARGETED_DEVICE_FAMILY = "1,2";
			};
			name = Debug;
		};
		D6E24FE71CF95ED300E4BE93 /* Release */ = {
			isa = XCBuildConfiguration;
			buildSettings = {
				ALWAYS_SEARCH_USER_PATHS = NO;
				CLANG_CXX_LANGUAGE_STANDARD = "gnu++0x";
				CLANG_CXX_LIBRARY = "libc++";
				CLANG_ENABLE_MODULES = YES;
				CLANG_ENABLE_OBJC_ARC = YES;
				CLANG_WARN_BOOL_CONVERSION = YES;
				CLANG_WARN_CONSTANT_CONVERSION = YES;
				CLANG_WARN_DIRECT_OBJC_ISA_USAGE = YES_ERROR;
				CLANG_WARN_EMPTY_BODY = YES;
				CLANG_WARN_ENUM_CONVERSION = YES;
				CLANG_WARN_INT_CONVERSION = YES;
				CLANG_WARN_OBJC_ROOT_CLASS = YES_ERROR;
				CLANG_WARN_UNREACHABLE_CODE = YES;
				CLANG_WARN__DUPLICATE_METHOD_MATCH = YES;
				"CODE_SIGN_IDENTITY[sdk=iphoneos*]" = "iPhone Developer";
				COPY_PHASE_STRIP = NO;
				DEBUG_INFORMATION_FORMAT = "dwarf-with-dsym";
				ENABLE_NS_ASSERTIONS = NO;
				ENABLE_STRICT_OBJC_MSGSEND = YES;
				GCC_C_LANGUAGE_STANDARD = gnu99;
				GCC_NO_COMMON_BLOCKS = YES;
				GCC_WARN_64_TO_32_BIT_CONVERSION = YES;
				GCC_WARN_ABOUT_RETURN_TYPE = YES_ERROR;
				GCC_WARN_UNDECLARED_SELECTOR = YES;
				GCC_WARN_UNINITIALIZED_AUTOS = YES_AGGRESSIVE;
				GCC_WARN_UNUSED_FUNCTION = YES;
				GCC_WARN_UNUSED_VARIABLE = YES;
				IPHONEOS_DEPLOYMENT_TARGET = 9.2;
				MTL_ENABLE_DEBUG_INFO = NO;
				SDKROOT = iphoneos;
				TARGETED_DEVICE_FAMILY = "1,2";
				VALIDATE_PRODUCT = YES;
			};
			name = Release;
		};
		D6E24FE91CF95ED300E4BE93 /* Debug */ = {
			isa = XCBuildConfiguration;
			buildSettings = {
				ASSETCATALOG_COMPILER_APPICON_NAME = AppIcon;
				INFOPLIST_FILE = OSL2/Info.plist;
				LD_RUNPATH_SEARCH_PATHS = "$(inherited) @executable_path/Frameworks";
				PRODUCT_BUNDLE_IDENTIFIER = oraclesoundlab.OSL2;
				PRODUCT_NAME = "$(TARGET_NAME)";
			};
			name = Debug;
		};
		D6E24FEA1CF95ED300E4BE93 /* Release */ = {
			isa = XCBuildConfiguration;
			buildSettings = {
				ASSETCATALOG_COMPILER_APPICON_NAME = AppIcon;
				INFOPLIST_FILE = OSL2/Info.plist;
				LD_RUNPATH_SEARCH_PATHS = "$(inherited) @executable_path/Frameworks";
				PRODUCT_BUNDLE_IDENTIFIER = oraclesoundlab.OSL2;
				PRODUCT_NAME = "$(TARGET_NAME)";
			};
			name = Release;
		};
		D6E24FEC1CF95ED300E4BE93 /* Debug */ = {
			isa = XCBuildConfiguration;
			buildSettings = {
				BUNDLE_LOADER = "$(TEST_HOST)";
				INFOPLIST_FILE = OSL2Tests/Info.plist;
				LD_RUNPATH_SEARCH_PATHS = "$(inherited) @executable_path/Frameworks @loader_path/Frameworks";
				PRODUCT_BUNDLE_IDENTIFIER = oraclesoundlab.OSL2Tests;
				PRODUCT_NAME = "$(TARGET_NAME)";
				TEST_HOST = "$(BUILT_PRODUCTS_DIR)/OSL2.app/OSL2";
			};
			name = Debug;
		};
		D6E24FED1CF95ED300E4BE93 /* Release */ = {
			isa = XCBuildConfiguration;
			buildSettings = {
				BUNDLE_LOADER = "$(TEST_HOST)";
				INFOPLIST_FILE = OSL2Tests/Info.plist;
				LD_RUNPATH_SEARCH_PATHS = "$(inherited) @executable_path/Frameworks @loader_path/Frameworks";
				PRODUCT_BUNDLE_IDENTIFIER = oraclesoundlab.OSL2Tests;
				PRODUCT_NAME = "$(TARGET_NAME)";
				TEST_HOST = "$(BUILT_PRODUCTS_DIR)/OSL2.app/OSL2";
			};
			name = Release;
		};
		D6E24FEF1CF95ED300E4BE93 /* Debug */ = {
			isa = XCBuildConfiguration;
			buildSettings = {
				INFOPLIST_FILE = OSL2UITests/Info.plist;
				LD_RUNPATH_SEARCH_PATHS = "$(inherited) @executable_path/Frameworks @loader_path/Frameworks";
				PRODUCT_BUNDLE_IDENTIFIER = oraclesoundlab.OSL2UITests;
				PRODUCT_NAME = "$(TARGET_NAME)";
				TEST_TARGET_NAME = OSL2;
				USES_XCTRUNNER = YES;
			};
			name = Debug;
		};
		D6E24FF01CF95ED300E4BE93 /* Release */ = {
			isa = XCBuildConfiguration;
			buildSettings = {
				INFOPLIST_FILE = OSL2UITests/Info.plist;
				LD_RUNPATH_SEARCH_PATHS = "$(inherited) @executable_path/Frameworks @loader_path/Frameworks";
				PRODUCT_BUNDLE_IDENTIFIER = oraclesoundlab.OSL2UITests;
				PRODUCT_NAME = "$(TARGET_NAME)";
				TEST_TARGET_NAME = OSL2;
				USES_XCTRUNNER = YES;
			};
			name = Release;
		};
/* End XCBuildConfiguration section */

/* Begin XCConfigurationList section */
		D6E24FB31CF95ED300E4BE93 /* Build configuration list for PBXProject "OSL2" */ = {
			isa = XCConfigurationList;
			buildConfigurations = (
				D6E24FE61CF95ED300E4BE93 /* Debug */,
				D6E24FE71CF95ED300E4BE93 /* Release */,
			);
			defaultConfigurationIsVisible = 0;
			defaultConfigurationName = Release;
		};
		D6E24FE81CF95ED300E4BE93 /* Build configuration list for PBXNativeTarget "OSL2" */ = {
			isa = XCConfigurationList;
			buildConfigurations = (
				D6E24FE91CF95ED300E4BE93 /* Debug */,
				D6E24FEA1CF95ED300E4BE93 /* Release */,
			);
			defaultConfigurationIsVisible = 0;
		};
		D6E24FEB1CF95ED300E4BE93 /* Build configuration list for PBXNativeTarget "OSL2Tests" */ = {
			isa = XCConfigurationList;
			buildConfigurations = (
				D6E24FEC1CF95ED300E4BE93 /* Debug */,
				D6E24FED1CF95ED300E4BE93 /* Release */,
			);
			defaultConfigurationIsVisible = 0;
		};
		D6E24FEE1CF95ED300E4BE93 /* Build configuration list for PBXNativeTarget "OSL2UITests" */ = {
			isa = XCConfigurationList;
			buildConfigurations = (
				D6E24FEF1CF95ED300E4BE93 /* Debug */,
				D6E24FF01CF95ED300E4BE93 /* Release */,
			);
			defaultConfigurationIsVisible = 0;
		};
/* End XCConfigurationList section */
	};
	rootObject = D6E24FB01CF95ED300E4BE93 /* Project object */;
}
